
Microsoft Visual Studio Solution File, Format Version 12.00
# Visual Studio Version 17
VisualStudioVersion = 17.9.34622.214
MinimumVisualStudioVersion = 10.0.40219.1
Project("{9A19103F-16F7-4668-BE54-9A1E7A4F7556}") = "FolSolverApp", "FolSolverApp\FolSolverApp.csproj", "{A07E512F-026F-41F7-8E3C-971665E3E25C}"
EndProject
Project("{9A19103F-16F7-4668-BE54-9A1E7A4F7556}") = "FolSolverCore", "FolSolverCore\FolSolverCore.csproj", "{F2691DE8-49DC-4909-9EA5-ECE6F574F6FA}"
EndProject
Global
	GlobalSection(SolutionConfigurationPlatforms) = preSolution
		Debug|Any CPU = Debug|Any CPU
		Release|Any CPU = Release|Any CPU
	EndGlobalSection
	GlobalSection(ProjectConfigurationPlatforms) = postSolution
		{A07E512F-026F-41F7-8E3C-971665E3E25C}.Debug|Any CPU.ActiveCfg = Debug|Any CPU
		{A07E512F-026F-41F7-8E3C-971665E3E25C}.Debug|Any CPU.Build.0 = Debug|Any CPU
		{A07E512F-026F-41F7-8E3C-971665E3E25C}.Release|Any CPU.ActiveCfg = Release|Any CPU
		{A07E512F-026F-41F7-8E3C-971665E3E25C}.Release|Any CPU.Build.0 = Release|Any CPU
		{F2691DE8-49DC-4909-9EA5-ECE6F574F6FA}.Debug|Any CPU.ActiveCfg = Debug|Any CPU
		{F2691DE8-49DC-4909-9EA5-ECE6F574F6FA}.Debug|Any CPU.Build.0 = Debug|Any CPU
		{F2691DE8-49DC-4909-9EA5-ECE6F574F6FA}.Release|Any CPU.ActiveCfg = Release|Any CPU
		{F2691DE8-49DC-4909-9EA5-ECE6F574F6FA}.Release|Any CPU.Build.0 = Release|Any CPU
	EndGlobalSection
	GlobalSection(SolutionProperties) = preSolution
		HideSolutionNode = FALSE
	EndGlobalSection
	GlobalSection(ExtensibilityGlobals) = postSolution
		SolutionGuid = {A6DCF80B-EBF2-46C2-91F1-69D8FF8F5899}
	EndGlobalSection
EndGlobal
